PODS:
  - AdColony (3.1.1)
  - ChartboostSDK (6.6.2)
  - FBAudienceNetwork (4.15.1)
  - Flurry-iOS-SDK/FlurryAds (7.6.6):
    - Flurry-iOS-SDK/FlurrySDK
  - Flurry-iOS-SDK/FlurrySDK (7.6.6)
  - Google-Mobile-Ads-SDK (7.18.0)
  - mopub-ios-sdk (4.11.1):
    - mopub-ios-sdk/MoPubSDK (= 4.11.1)
  - mopub-ios-sdk/AdColonyCustomEvents (4.11.1):
    - AdColony (~> 3.0)
    - mopub-ios-sdk/MoPubSDK
  - mopub-ios-sdk/AdMobCustomEvents (4.11.1):
    - Google-Mobile-Ads-SDK (~> 7.18.0)
    - mopub-ios-sdk/MoPubSDK
  - mopub-ios-sdk/ChartboostCustomEvents (4.11.1):
    - ChartboostSDK (~> 6.5)
    - mopub-ios-sdk/MoPubSDK
  - mopub-ios-sdk/FacebookCustomEvents (4.11.1):
    - FBAudienceNetwork (~> 4.15.1)
    - mopub-ios-sdk/MoPubSDK
  - mopub-ios-sdk/FlurryCustomEvents (4.11.1):
    - Flurry-iOS-SDK/FlurryAds (~> 7.6.4)
    - Flurry-iOS-SDK/FlurrySDK (~> 7.6.4)
    - mopub-ios-sdk/MoPubSDK
  - mopub-ios-sdk/MoPubSDK (4.11.1)
  - mopub-ios-sdk/TapjoyCustomEvents (4.11.1):
    - mopub-ios-sdk/MoPubSDK
    - TapjoySDK (= 11.5.1)
  - mopub-ios-sdk/VungleCustomEvents (4.11.1):
    - mopub-ios-sdk/MoPubSDK
    - VungleSDK-iOS (~> 4.0.6)
  - TapjoySDK (11.5.1)
  - VungleSDK-iOS (4.0.9)

DEPENDENCIES:
  - mopub-ios-sdk (from `../../`)
  - mopub-ios-sdk/AdColonyCustomEvents (from `../../`)
  - mopub-ios-sdk/AdMobCustomEvents (from `../../`)
  - mopub-ios-sdk/ChartboostCustomEvents (from `../../`)
  - mopub-ios-sdk/FacebookCustomEvents (from `../../`)
  - mopub-ios-sdk/FlurryCustomEvents (from `../../`)
  - mopub-ios-sdk/TapjoyCustomEvents (from `../../`)
  - mopub-ios-sdk/VungleCustomEvents (from `../../`)

EXTERNAL SOURCES:
  mopub-ios-sdk:
    :path: "../../"

SPEC CHECKSUMS:
  AdColony: 27bcddd3d79b24f61765dd799fcc666975f90daa
  ChartboostSDK: 9248a129d363432b43eee0a18454dcf6f46f8d9d
  FBAudienceNetwork: 4e3859a04314972e6b3ab401784379fa8dfd56a6
  Flurry-iOS-SDK: 97bbeec09cca666c2f1772f6e161c4f8ccff611e
  Google-Mobile-Ads-SDK: 658065b4cb5a299bea254c4d24bf7786b6d3e75d
  mopub-ios-sdk: 9a45395400b42b2ea2e22b24d6f703945e88646b
  TapjoySDK: af2985b5de89af5b9ba61c762a7ecad76fc60c78
  VungleSDK-iOS: '053446955ef1fa777fd699b6bea6635cac604524'

PODFILE CHECKSUM: a249b82bc975fd6b0adb4dbd94bde82e888c121b

COCOAPODS: 1.2.0
